
Microsoft Visual Studio Solution File, Format Version 12.00
# Visual Studio Version 17
VisualStudioVersion = 17.3.32825.248
MinimumVisualStudioVersion = 10.0.40219.1
Project("{9A19103F-16F7-4668-BE54-9A1E7A4F7556}") = "CubixParserModule", "CubixParserModule\CubixParserModule.csproj", "{1D04B6BD-0A6B-4E82-BB45-7F4CA5AAA8FB}"
EndProject
Project("{9A19103F-16F7-4668-BE54-9A1E7A4F7556}") = "AppSettings", "AppSettings\AppSettings.csproj", "{64942A3C-9C30-456F-B16C-68CB2B435E1E}"
EndProject
Project("{FAE04EC0-301F-11D3-BF4B-00C04F79EFBC}") = "ParseOnline", "ParseOnline\ParseOnline.csproj", "{6C98663C-89A9-4B8F-9B75-32C8D8782409}"
EndProject
Global
	GlobalSection(SolutionConfigurationPlatforms) = preSolution
		Debug|Any CPU = Debug|Any CPU
		Release|Any CPU = Release|Any CPU
	EndGlobalSection
	GlobalSection(ProjectConfigurationPlatforms) = postSolution
		{1D04B6BD-0A6B-4E82-BB45-7F4CA5AAA8FB}.Debug|Any CPU.ActiveCfg = Debug|Any CPU
		{1D04B6BD-0A6B-4E82-BB45-7F4CA5AAA8FB}.Debug|Any CPU.Build.0 = Debug|Any CPU
		{1D04B6BD-0A6B-4E82-BB45-7F4CA5AAA8FB}.Release|Any CPU.ActiveCfg = Release|Any CPU
		{1D04B6BD-0A6B-4E82-BB45-7F4CA5AAA8FB}.Release|Any CPU.Build.0 = Release|Any CPU
		{64942A3C-9C30-456F-B16C-68CB2B435E1E}.Debug|Any CPU.ActiveCfg = Debug|Any CPU
		{64942A3C-9C30-456F-B16C-68CB2B435E1E}.Debug|Any CPU.Build.0 = Debug|Any CPU
		{64942A3C-9C30-456F-B16C-68CB2B435E1E}.Release|Any CPU.ActiveCfg = Release|Any CPU
		{64942A3C-9C30-456F-B16C-68CB2B435E1E}.Release|Any CPU.Build.0 = Release|Any CPU
		{6C98663C-89A9-4B8F-9B75-32C8D8782409}.Debug|Any CPU.ActiveCfg = Debug|Any CPU
		{6C98663C-89A9-4B8F-9B75-32C8D8782409}.Debug|Any CPU.Build.0 = Debug|Any CPU
		{6C98663C-89A9-4B8F-9B75-32C8D8782409}.Release|Any CPU.ActiveCfg = Release|Any CPU
		{6C98663C-89A9-4B8F-9B75-32C8D8782409}.Release|Any CPU.Build.0 = Release|Any CPU
	EndGlobalSection
	GlobalSection(SolutionProperties) = preSolution
		HideSolutionNode = FALSE
	EndGlobalSection
	GlobalSection(ExtensibilityGlobals) = postSolution
		SolutionGuid = {090D7930-B735-49A6-BEF9-EBA3E983F249}
	EndGlobalSection
EndGlobal
